FORGE
  remote: http://forge.puppetlabs.com
  specs:
    maestrodev/wget (1.1.0)
    puppetlabs/apt (1.1.0)
      puppetlabs/stdlib (>= 2.2.1)
    puppetlabs/mysql (0.6.1)
      puppetlabs/stdlib (>= 2.2.1)
    puppetlabs/stdlib (3.2.0)

GIT
  remote: https://github.com/electrical/puppet-logstash
  ref: master
  sha: b7bcf3b9d084a6f5efae526474c259a8fc755d63
  specs:
    logstash (0.0.5)
      puppetlabs/stdlib (>= 3.0.0)

DEPENDENCIES
  logstash (>= 0)
  maestrodev/wget (>= 0)
  puppetlabs/apt (>= 0)
  puppetlabs/mysql (>= 0)
  puppetlabs/stdlib (>= 0)

